
Microsoft Visual Studio Solution File, Format Version 12.00
# Visual Studio Version 16
VisualStudioVersion = 16.0.29613.14
MinimumVisualStudioVersion = 10.0.40219.1
Project("{FAE04EC0-301F-11D3-BF4B-00C04F79EFBC}") = "BaseStructs", "BaseStructs\BaseStructs.csproj", "{39205EA7-8212-40BC-B31F-3364B4AFED89}"
EndProject
Global
	GlobalSection(SolutionConfigurationPlatforms) = preSolution
		Debug|Any CPU = Debug|Any CPU
		Release|Any CPU = Release|Any CPU
	EndGlobalSection
	GlobalSection(ProjectConfigurationPlatforms) = postSolution
		{39205EA7-8212-40BC-B31F-3364B4AFED89}.Debug|Any CPU.ActiveCfg = Debug|Any CPU
		{39205EA7-8212-40BC-B31F-3364B4AFED89}.Debug|Any CPU.Build.0 = Debug|Any CPU
		{39205EA7-8212-40BC-B31F-3364B4AFED89}.Release|Any CPU.ActiveCfg = Release|Any CPU
		{39205EA7-8212-40BC-B31F-3364B4AFED89}.Release|Any CPU.Build.0 = Release|Any CPU
	EndGlobalSection
	GlobalSection(SolutionProperties) = preSolution
		HideSolutionNode = FALSE
	EndGlobalSection
	GlobalSection(ExtensibilityGlobals) = postSolution
		SolutionGuid = {8D152125-C341-4A41-96BD-F440571AD697}
	EndGlobalSection
EndGlobal
